
Microsoft Visual Studio Solution File, Format Version 12.00
# Visual Studio 15
VisualStudioVersion = 15.0.28307.168
MinimumVisualStudioVersion = 10.0.40219.1
Project("{FAE04EC0-301F-11D3-BF4B-00C04F79EFBC}") = "SuperMarketPlanner", "ClientApp\SuperMarketPlanner.csproj", "{5E721575-7C54-4BB5-AF43-808DD8CF86F2}"
EndProject
Project("{FAE04EC0-301F-11D3-BF4B-00C04F79EFBC}") = "SuperMarketPlannerTest", "SuperMarketPlannerTest\SuperMarketPlannerTest.csproj", "{6CFDA128-8230-4940-9489-0290ABCD5483}"
EndProject
Global
	GlobalSection(SolutionConfigurationPlatforms) = preSolution
		Debug|Any CPU = Debug|Any CPU
		Debug|x64 = Debug|x64
		Debug|x86 = Debug|x86
		Release|Any CPU = Release|Any CPU
		Release|x64 = Release|x64
		Release|x86 = Release|x86
	EndGlobalSection
	GlobalSection(ProjectConfigurationPlatforms) = postSolution
		{5E721575-7C54-4BB5-AF43-808DD8CF86F2}.Debug|Any CPU.ActiveCfg = Debug|x64
		{5E721575-7C54-4BB5-AF43-808DD8CF86F2}.Debug|Any CPU.Build.0 = Debug|x64
		{5E721575-7C54-4BB5-AF43-808DD8CF86F2}.Debug|x64.ActiveCfg = Debug|x64
		{5E721575-7C54-4BB5-AF43-808DD8CF86F2}.Debug|x64.Build.0 = Debug|x64
		{5E721575-7C54-4BB5-AF43-808DD8CF86F2}.Debug|x86.ActiveCfg = Debug|x86
		{5E721575-7C54-4BB5-AF43-808DD8CF86F2}.Debug|x86.Build.0 = Debug|x86
		{5E721575-7C54-4BB5-AF43-808DD8CF86F2}.Release|Any CPU.ActiveCfg = Release|Any CPU
		{5E721575-7C54-4BB5-AF43-808DD8CF86F2}.Release|Any CPU.Build.0 = Release|Any CPU
		{5E721575-7C54-4BB5-AF43-808DD8CF86F2}.Release|x64.ActiveCfg = Release|x64
		{5E721575-7C54-4BB5-AF43-808DD8CF86F2}.Release|x64.Build.0 = Release|x64
		{5E721575-7C54-4BB5-AF43-808DD8CF86F2}.Release|x86.ActiveCfg = Release|x86
		{5E721575-7C54-4BB5-AF43-808DD8CF86F2}.Release|x86.Build.0 = Release|x86
		{6CFDA128-8230-4940-9489-0290ABCD5483}.Debug|Any CPU.ActiveCfg = Debug|Any CPU
		{6CFDA128-8230-4940-9489-0290ABCD5483}.Debug|Any CPU.Build.0 = Debug|Any CPU
		{6CFDA128-8230-4940-9489-0290ABCD5483}.Debug|x64.ActiveCfg = Debug|Any CPU
		{6CFDA128-8230-4940-9489-0290ABCD5483}.Debug|x64.Build.0 = Debug|Any CPU
		{6CFDA128-8230-4940-9489-0290ABCD5483}.Debug|x86.ActiveCfg = Debug|Any CPU
		{6CFDA128-8230-4940-9489-0290ABCD5483}.Debug|x86.Build.0 = Debug|Any CPU
		{6CFDA128-8230-4940-9489-0290ABCD5483}.Release|Any CPU.ActiveCfg = Release|Any CPU
		{6CFDA128-8230-4940-9489-0290ABCD5483}.Release|Any CPU.Build.0 = Release|Any CPU
		{6CFDA128-8230-4940-9489-0290ABCD5483}.Release|x64.ActiveCfg = Release|Any CPU
		{6CFDA128-8230-4940-9489-0290ABCD5483}.Release|x64.Build.0 = Release|Any CPU
		{6CFDA128-8230-4940-9489-0290ABCD5483}.Release|x86.ActiveCfg = Release|Any CPU
		{6CFDA128-8230-4940-9489-0290ABCD5483}.Release|x86.Build.0 = Release|Any CPU
	EndGlobalSection
	GlobalSection(SolutionProperties) = preSolution
		HideSolutionNode = FALSE
	EndGlobalSection
	GlobalSection(ExtensibilityGlobals) = postSolution
		SolutionGuid = {0161C5B1-E47C-48FA-A447-D6D6D4FB492A}
	EndGlobalSection
EndGlobal
